
Microsoft Visual Studio Solution File, Format Version 12.00
# Visual Studio Version 16
VisualStudioVersion = 16.0.31321.278
MinimumVisualStudioVersion = 10.0.40219.1
Project("{9A19103F-16F7-4668-BE54-9A1E7A4F7556}") = "ConsumerPoints", "ConsumerPoints\ConsumerPoints.csproj", "{58B40A0F-FFEB-4891-9580-A89A3EE819B2}"
EndProject
Project("{FAE04EC0-301F-11D3-BF4B-00C04F79EFBC}") = "ConsumerPoints.Test", "ConsumerPoints.Test\ConsumerPoints.Test.csproj", "{B4CF1B38-F6B0-4A9E-8E60-D549C3763894}"
EndProject
Global
	GlobalSection(SolutionConfigurationPlatforms) = preSolution
		Debug|Any CPU = Debug|Any CPU
		Release|Any CPU = Release|Any CPU
	EndGlobalSection
	GlobalSection(ProjectConfigurationPlatforms) = postSolution
		{58B40A0F-FFEB-4891-9580-A89A3EE819B2}.Debug|Any CPU.ActiveCfg = Debug|Any CPU
		{58B40A0F-FFEB-4891-9580-A89A3EE819B2}.Debug|Any CPU.Build.0 = Debug|Any CPU
		{58B40A0F-FFEB-4891-9580-A89A3EE819B2}.Release|Any CPU.ActiveCfg = Release|Any CPU
		{58B40A0F-FFEB-4891-9580-A89A3EE819B2}.Release|Any CPU.Build.0 = Release|Any CPU
		{B4CF1B38-F6B0-4A9E-8E60-D549C3763894}.Debug|Any CPU.ActiveCfg = Debug|Any CPU
		{B4CF1B38-F6B0-4A9E-8E60-D549C3763894}.Debug|Any CPU.Build.0 = Debug|Any CPU
		{B4CF1B38-F6B0-4A9E-8E60-D549C3763894}.Release|Any CPU.ActiveCfg = Release|Any CPU
		{B4CF1B38-F6B0-4A9E-8E60-D549C3763894}.Release|Any CPU.Build.0 = Release|Any CPU
	EndGlobalSection
	GlobalSection(SolutionProperties) = preSolution
		HideSolutionNode = FALSE
	EndGlobalSection
	GlobalSection(ExtensibilityGlobals) = postSolution
		SolutionGuid = {2FCCD52C-566B-4C8E-8086-686E64B65773}
	EndGlobalSection
EndGlobal
